
Microsoft Visual Studio Solution File, Format Version 12.00
# Visual Studio 15
VisualStudioVersion = 15.0.28307.329
MinimumVisualStudioVersion = 10.0.40219.1
Project("{FAE04EC0-301F-11D3-BF4B-00C04F79EFBC}") = "GeneracionProgramadaRealTime", "GeneracionProgramadaRealTime\GeneracionProgramadaRealTime.csproj", "{676F22C7-7B31-4C0B-A358-AB07197280D3}"
EndProject
Global
	GlobalSection(SolutionConfigurationPlatforms) = preSolution
		Debug|Any CPU = Debug|Any CPU
		Release|Any CPU = Release|Any CPU
	EndGlobalSection
	GlobalSection(ProjectConfigurationPlatforms) = postSolution
		{676F22C7-7B31-4C0B-A358-AB07197280D3}.Debug|Any CPU.ActiveCfg = Debug|Any CPU
		{676F22C7-7B31-4C0B-A358-AB07197280D3}.Debug|Any CPU.Build.0 = Debug|Any CPU
		{676F22C7-7B31-4C0B-A358-AB07197280D3}.Release|Any CPU.ActiveCfg = Release|Any CPU
		{676F22C7-7B31-4C0B-A358-AB07197280D3}.Release|Any CPU.Build.0 = Release|Any CPU
	EndGlobalSection
	GlobalSection(SolutionProperties) = preSolution
		HideSolutionNode = FALSE
	EndGlobalSection
	GlobalSection(ExtensibilityGlobals) = postSolution
		SolutionGuid = {7145F924-D4DC-404F-BA73-6CDD9A47CE37}
	EndGlobalSection
EndGlobal
